<Solution>
  <Configurations>
    <Platform Name="x64" />
  </Configurations>
  <Folder Name="/Files/">
    <File Path=".editorconfig" />
    <File Path=".gitattributes" />
    <File Path=".github/workflows/main.yaml" />
    <File Path=".gitignore" />
    <File Path="build.ps1" />
    <File Path="README.md" />
    <File Path="src/Directory.Build.props" />
  </Folder>
  <Project Path="src/App/ShowWhatProcessLocksFile.csproj">
    <Platform Project="x64" />
  </Project>
  <Project Path="src/Core/Core.csproj">
    <Platform Project="x64" />
  </Project>
  <Project Path="src/Installer/Installer.wixproj" Type="b7dd6f7e-def8-4e67-b5b7-07ef123db6f0" />
  <Project Path="src/Test/Test.csproj">
    <Platform Project="x64" />
  </Project>
</Solution>
